
Microsoft Visual Studio Solution File, Format Version 12.00
# Visual Studio Version 17
VisualStudioVersion = 17.0.32014.148
MinimumVisualStudioVersion = 10.0.40219.1
Project("{9A19103F-16F7-4668-BE54-9A1E7A4F7556}") = "PropertyGridHelpers", "PropertyGridHelpers.csproj", "{A1BB6A6A-D4C4-43E0-9E68-9DBC22F8D9B9}"
EndProject
Project("{9A19103F-16F7-4668-BE54-9A1E7A4F7556}") = "PropertyGridHelpersTest", "..\PropertyGridHelpersTest\PropertyGridHelpersTest.csproj", "{66B41C73-C7C0-4145-BF4F-7A066F04577B}"
EndProject
Project("{9A19103F-16F7-4668-BE54-9A1E7A4F7556}") = "SampleControls", "..\SampleControls\SampleControls.csproj", "{C6A197D6-0C14-4B95-9301-1BB3399EF2D9}"
EndProject
Project("{9A19103F-16F7-4668-BE54-9A1E7A4F7556}") = "SampleForms", "..\SampleForms\SampleForms.csproj", "{AAF17469-9EB5-4B3C-9041-CD6B200BB604}"
EndProject
Project("{2150E333-8FDC-42A3-9474-1A3956D46DE8}") = "Solution Items", "Solution Items", "{01596091-344E-4427-AC94-A714B65687CE}"
	ProjectSection(SolutionItems) = preProject
		.editorconfig = .editorconfig
		..\..\.gitignore = ..\..\.gitignore
		..\CopyEverythingUseful.targets = ..\CopyEverythingUseful.targets
		..\CopyLocalAllDependencies.targets = ..\CopyLocalAllDependencies.targets
		..\CopyRuntimeDependencies.targets = ..\CopyRuntimeDependencies.targets
		coverlet.runsettings = coverlet.runsettings
		..\..\LICENSE = ..\..\LICENSE
		..\..\README.md = ..\..\README.md
		..\SharedFrameworks.targets = ..\SharedFrameworks.targets
	EndProjectSection
EndProject
Project("{FAE04EC0-301F-11D3-BF4B-00C04F79EFBC}") = "NuGet.Pack", "..\NuGet.Pack\NuGet.Pack.csproj", "{0451BAEF-DF2E-4B98-8644-94EE9415E389}"
EndProject
Project("{FAE04EC0-301F-11D3-BF4B-00C04F79EFBC}") = "PropertyGridHelpers.DocStub", "..\PropertyGridHelpers.DocStub\PropertyGridHelpers.DocStub.csproj", "{7FA7466A-DF0B-48D7-BFB1-66B128712B30}"
EndProject
Global
	GlobalSection(SolutionConfigurationPlatforms) = preSolution
		Debug|Any CPU = Debug|Any CPU
		Release|Any CPU = Release|Any CPU
	EndGlobalSection
	GlobalSection(ProjectConfigurationPlatforms) = postSolution
		{A1BB6A6A-D4C4-43E0-9E68-9DBC22F8D9B9}.Debug|Any CPU.ActiveCfg = Debug|Any CPU
		{A1BB6A6A-D4C4-43E0-9E68-9DBC22F8D9B9}.Debug|Any CPU.Build.0 = Debug|Any CPU
		{A1BB6A6A-D4C4-43E0-9E68-9DBC22F8D9B9}.Release|Any CPU.ActiveCfg = Release|Any CPU
		{A1BB6A6A-D4C4-43E0-9E68-9DBC22F8D9B9}.Release|Any CPU.Build.0 = Release|Any CPU
		{66B41C73-C7C0-4145-BF4F-7A066F04577B}.Debug|Any CPU.ActiveCfg = Debug|Any CPU
		{66B41C73-C7C0-4145-BF4F-7A066F04577B}.Debug|Any CPU.Build.0 = Debug|Any CPU
		{66B41C73-C7C0-4145-BF4F-7A066F04577B}.Release|Any CPU.ActiveCfg = Release|Any CPU
		{66B41C73-C7C0-4145-BF4F-7A066F04577B}.Release|Any CPU.Build.0 = Release|Any CPU
		{C6A197D6-0C14-4B95-9301-1BB3399EF2D9}.Debug|Any CPU.ActiveCfg = Debug|Any CPU
		{C6A197D6-0C14-4B95-9301-1BB3399EF2D9}.Debug|Any CPU.Build.0 = Debug|Any CPU
		{C6A197D6-0C14-4B95-9301-1BB3399EF2D9}.Release|Any CPU.ActiveCfg = Release|Any CPU
		{C6A197D6-0C14-4B95-9301-1BB3399EF2D9}.Release|Any CPU.Build.0 = Release|Any CPU
		{AAF17469-9EB5-4B3C-9041-CD6B200BB604}.Debug|Any CPU.ActiveCfg = Debug|Any CPU
		{AAF17469-9EB5-4B3C-9041-CD6B200BB604}.Debug|Any CPU.Build.0 = Debug|Any CPU
		{AAF17469-9EB5-4B3C-9041-CD6B200BB604}.Release|Any CPU.ActiveCfg = Release|Any CPU
		{AAF17469-9EB5-4B3C-9041-CD6B200BB604}.Release|Any CPU.Build.0 = Release|Any CPU
		{0451BAEF-DF2E-4B98-8644-94EE9415E389}.Debug|Any CPU.ActiveCfg = Debug|Any CPU
		{0451BAEF-DF2E-4B98-8644-94EE9415E389}.Release|Any CPU.ActiveCfg = Release|Any CPU
		{7FA7466A-DF0B-48D7-BFB1-66B128712B30}.Debug|Any CPU.ActiveCfg = Debug|Any CPU
		{7FA7466A-DF0B-48D7-BFB1-66B128712B30}.Debug|Any CPU.Build.0 = Debug|Any CPU
		{7FA7466A-DF0B-48D7-BFB1-66B128712B30}.Release|Any CPU.ActiveCfg = Release|Any CPU
		{7FA7466A-DF0B-48D7-BFB1-66B128712B30}.Release|Any CPU.Build.0 = Release|Any CPU
	EndGlobalSection
	GlobalSection(SolutionProperties) = preSolution
		HideSolutionNode = FALSE
	EndGlobalSection
	GlobalSection(ExtensibilityGlobals) = postSolution
		RESX_ConfirmAddLanguageFile = True
		RESX_SortFileContentOnSave = True
		SolutionGuid = {711A7FB2-2E31-4E79-B487-65AFDEEFD595}
	EndGlobalSection
EndGlobal
